
Microsoft Visual Studio Solution File, Format Version 12.00
# Visual Studio Version 16
VisualStudioVersion = 16.0.31515.178
MinimumVisualStudioVersion = 10.0.40219.1
Project("{FAE04EC0-301F-11D3-BF4B-00C04F79EFBC}") = "01-Singleton", "01-Singleton\01-Singleton.csproj", "{BC85B71D-F569-445F-9EC4-A1E87BB46AC9}"
EndProject
Project("{FAE04EC0-301F-11D3-BF4B-00C04F79EFBC}") = "02-Prototype", "02-Prototype\02-Prototype.csproj", "{9A6272F2-845D-4A5E-B8DB-B1C61D70B5B5}"
EndProject
Project("{FAE04EC0-301F-11D3-BF4B-00C04F79EFBC}") = "03-FactoryMethod", "03-FactoryMethod\03-FactoryMethod.csproj", "{E22C4BBD-4264-4E3D-BFD3-94E2B1A1BE4C}"
EndProject
Project("{FAE04EC0-301F-11D3-BF4B-00C04F79EFBC}") = "04-StrategyPattern", "04-StrategyPattern\04-StrategyPattern.csproj", "{07967F9F-B658-46A6-A219-DC42D9A57818}"
EndProject
Project("{FAE04EC0-301F-11D3-BF4B-00C04F79EFBC}") = "05-Mediator", "05-Mediator\05-Mediator.csproj", "{CCEB9ACA-EB1F-4919-987D-3796F57C1FD4}"
EndProject
Global
	GlobalSection(SolutionConfigurationPlatforms) = preSolution
		Debug|Any CPU = Debug|Any CPU
		Release|Any CPU = Release|Any CPU
	EndGlobalSection
	GlobalSection(ProjectConfigurationPlatforms) = postSolution
		{BC85B71D-F569-445F-9EC4-A1E87BB46AC9}.Debug|Any CPU.ActiveCfg = Debug|Any CPU
		{BC85B71D-F569-445F-9EC4-A1E87BB46AC9}.Debug|Any CPU.Build.0 = Debug|Any CPU
		{BC85B71D-F569-445F-9EC4-A1E87BB46AC9}.Release|Any CPU.ActiveCfg = Release|Any CPU
		{BC85B71D-F569-445F-9EC4-A1E87BB46AC9}.Release|Any CPU.Build.0 = Release|Any CPU
		{9A6272F2-845D-4A5E-B8DB-B1C61D70B5B5}.Debug|Any CPU.ActiveCfg = Debug|Any CPU
		{9A6272F2-845D-4A5E-B8DB-B1C61D70B5B5}.Debug|Any CPU.Build.0 = Debug|Any CPU
		{9A6272F2-845D-4A5E-B8DB-B1C61D70B5B5}.Release|Any CPU.ActiveCfg = Release|Any CPU
		{9A6272F2-845D-4A5E-B8DB-B1C61D70B5B5}.Release|Any CPU.Build.0 = Release|Any CPU
		{E22C4BBD-4264-4E3D-BFD3-94E2B1A1BE4C}.Debug|Any CPU.ActiveCfg = Debug|Any CPU
		{E22C4BBD-4264-4E3D-BFD3-94E2B1A1BE4C}.Debug|Any CPU.Build.0 = Debug|Any CPU
		{E22C4BBD-4264-4E3D-BFD3-94E2B1A1BE4C}.Release|Any CPU.ActiveCfg = Release|Any CPU
		{E22C4BBD-4264-4E3D-BFD3-94E2B1A1BE4C}.Release|Any CPU.Build.0 = Release|Any CPU
		{07967F9F-B658-46A6-A219-DC42D9A57818}.Debug|Any CPU.ActiveCfg = Debug|Any CPU
		{07967F9F-B658-46A6-A219-DC42D9A57818}.Debug|Any CPU.Build.0 = Debug|Any CPU
		{07967F9F-B658-46A6-A219-DC42D9A57818}.Release|Any CPU.ActiveCfg = Release|Any CPU
		{07967F9F-B658-46A6-A219-DC42D9A57818}.Release|Any CPU.Build.0 = Release|Any CPU
		{CCEB9ACA-EB1F-4919-987D-3796F57C1FD4}.Debug|Any CPU.ActiveCfg = Debug|Any CPU
		{CCEB9ACA-EB1F-4919-987D-3796F57C1FD4}.Debug|Any CPU.Build.0 = Debug|Any CPU
		{CCEB9ACA-EB1F-4919-987D-3796F57C1FD4}.Release|Any CPU.ActiveCfg = Release|Any CPU
		{CCEB9ACA-EB1F-4919-987D-3796F57C1FD4}.Release|Any CPU.Build.0 = Release|Any CPU
	EndGlobalSection
	GlobalSection(SolutionProperties) = preSolution
		HideSolutionNode = FALSE
	EndGlobalSection
	GlobalSection(ExtensibilityGlobals) = postSolution
		SolutionGuid = {303DA7A3-30D9-4AA0-8C9B-DDA1164F2BB0}
	EndGlobalSection
EndGlobal
